
Microsoft Visual Studio Solution File, Format Version 12.00
# Visual Studio Version 16
VisualStudioVersion = 16.0.30804.86
MinimumVisualStudioVersion = 10.0.40219.1
Project("{FAE04EC0-301F-11D3-BF4B-00C04F79EFBC}") = "ksiegiwieczyste", "ksiegiwieczyste\ksiegiwieczyste.csproj", "{D85B13A6-0F22-43C2-88F2-BB0254382786}"
EndProject
Global
	GlobalSection(SolutionConfigurationPlatforms) = preSolution
		Debug|Any CPU = Debug|Any CPU
		Release|Any CPU = Release|Any CPU
	EndGlobalSection
	GlobalSection(ProjectConfigurationPlatforms) = postSolution
		{D85B13A6-0F22-43C2-88F2-BB0254382786}.Debug|Any CPU.ActiveCfg = Debug|Any CPU
		{D85B13A6-0F22-43C2-88F2-BB0254382786}.Debug|Any CPU.Build.0 = Debug|Any CPU
		{D85B13A6-0F22-43C2-88F2-BB0254382786}.Release|Any CPU.ActiveCfg = Release|Any CPU
		{D85B13A6-0F22-43C2-88F2-BB0254382786}.Release|Any CPU.Build.0 = Release|Any CPU
	EndGlobalSection
	GlobalSection(SolutionProperties) = preSolution
		HideSolutionNode = FALSE
	EndGlobalSection
	GlobalSection(ExtensibilityGlobals) = postSolution
		SolutionGuid = {4A9CEE92-D820-4522-8955-215A08825796}
	EndGlobalSection
EndGlobal
